
Microsoft Visual Studio Solution File, Format Version 12.00
# Visual Studio Version 17
VisualStudioVersion = 17.0.31903.59
MinimumVisualStudioVersion = 10.0.40219.1
Project("{FAE04EC0-301F-11D3-BF4B-00C04F79EFBC}") = "FatigueDetectionService", "FatigueDetectionService\FatigueDetectionService.csproj", "{53303731-0A21-4660-8C25-4C6834E12086}"
EndProject
Project("{FAE04EC0-301F-11D3-BF4B-00C04F79EFBC}") = "AlertService", "AlertService\AlertService.csproj", "{535D3339-F8E5-4221-9DEF-B5B9F2A4FAE4}"
EndProject
Project("{FAE04EC0-301F-11D3-BF4B-00C04F79EFBC}") = "IdentityAccessService", "IdentityAccessService\IdentityAccessService.csproj", "{5D2F014D-25CB-4C71-B646-C4EAE63B3F76}"
EndProject
Project("{FAE04EC0-301F-11D3-BF4B-00C04F79EFBC}") = "FleetMonitoringService", "FleetMonitoringService\FleetMonitoringService.csproj", "{ECCD689A-6945-48A1-8E61-68FEFDAAB5C7}"
EndProject
Project("{FAE04EC0-301F-11D3-BF4B-00C04F79EFBC}") = "IncidentManagementService", "IncidentManagementService\IncidentManagementService.csproj", "{079278D2-56C3-4BFF-BB7E-1C33F5B23C95}"
EndProject
Project("{2150E333-8FDC-42A3-9474-1A3956D46DE8}") = "Shared", "Shared", "{4F52FD11-658E-A102-6CD3-7D7C16FFA15B}"
EndProject
Project("{FAE04EC0-301F-11D3-BF4B-00C04F79EFBC}") = "MineSenseSafety.Shared", "Shared\MineSenseSafety.Shared.csproj", "{28198865-3466-480E-B1EB-EDE97B447BE4}"
EndProject
Project("{2150E333-8FDC-42A3-9474-1A3956D46DE8}") = "tests", "tests", "{0AB3BF05-4346-4AA6-1389-037BE0695223}"
EndProject
Project("{FAE04EC0-301F-11D3-BF4B-00C04F79EFBC}") = "AlertService.Tests", "tests\AlertService.Tests\AlertService.Tests.csproj", "{557A34AB-3508-4732-9129-A4E8746D5E45}"
EndProject
Project("{FAE04EC0-301F-11D3-BF4B-00C04F79EFBC}") = "FatigueDetectionService.Tests", "tests\FatigueDetectionService.Tests\FatigueDetectionService.Tests.csproj", "{D9397AAE-46EE-48D8-9C3D-760899C8C503}"
EndProject
Project("{FAE04EC0-301F-11D3-BF4B-00C04F79EFBC}") = "IdentityAccessService.Tests", "tests\IdentityAccessService.Tests\IdentityAccessService.Tests.csproj", "{321E25ED-9B24-40D0-82B9-121E2BC9B0E9}"
EndProject
Project("{FAE04EC0-301F-11D3-BF4B-00C04F79EFBC}") = "FleetMonitoringService.Tests", "tests\FleetMonitoringService.Tests\FleetMonitoringService.Tests.csproj", "{F33A03BE-6D68-455B-B3EE-8BB03BAB13DE}"
EndProject
Project("{FAE04EC0-301F-11D3-BF4B-00C04F79EFBC}") = "IncidentManagementService.Tests", "tests\IncidentManagementService.Tests\IncidentManagementService.Tests.csproj", "{12017720-4834-41D3-A168-47EDC07FD10C}"
EndProject
Project("{FAE04EC0-301F-11D3-BF4B-00C04F79EFBC}") = "MonitoringService", "MonitoringService\MonitoringService.csproj", "{B7511F73-D396-4C1A-9898-826C821AA636}"
EndProject
Project("{FAE04EC0-301F-11D3-BF4B-00C04F79EFBC}") = "DeviceManagementService", "DeviceManagementService\DeviceManagementService.csproj", "{40480BE5-B844-4F28-8B7F-BAC35346FBEB}"
EndProject
Project("{FAE04EC0-301F-11D3-BF4B-00C04F79EFBC}") = "OperationsService", "OperationsService\OperationsService.csproj", "{C8C33E61-2EE0-4CD9-B640-B06B974B13ED}"
EndProject
Project("{FAE04EC0-301F-11D3-BF4B-00C04F79EFBC}") = "MonitoringService.Tests", "tests\MonitoringService.Tests\MonitoringService.Tests.csproj", "{7CF09FAB-2F4D-4CD8-AC1A-63864CE05AD8}"
EndProject
Project("{FAE04EC0-301F-11D3-BF4B-00C04F79EFBC}") = "DeviceManagementService.Tests", "tests\DeviceManagementService.Tests\DeviceManagementService.Tests.csproj", "{0D88A363-E07B-4056-A86A-D815FEA17313}"
EndProject
Project("{FAE04EC0-301F-11D3-BF4B-00C04F79EFBC}") = "OperationsService.Tests", "tests\OperationsService.Tests\OperationsService.Tests.csproj", "{97B75644-0518-4AE4-8996-55EA99D7440A}"
EndProject
Global
	GlobalSection(SolutionConfigurationPlatforms) = preSolution
		Debug|Any CPU = Debug|Any CPU
		Debug|x64 = Debug|x64
		Debug|x86 = Debug|x86
		Release|Any CPU = Release|Any CPU
		Release|x64 = Release|x64
		Release|x86 = Release|x86
	EndGlobalSection
	GlobalSection(ProjectConfigurationPlatforms) = postSolution
		{53303731-0A21-4660-8C25-4C6834E12086}.Debug|Any CPU.ActiveCfg = Debug|Any CPU
		{53303731-0A21-4660-8C25-4C6834E12086}.Debug|Any CPU.Build.0 = Debug|Any CPU
		{53303731-0A21-4660-8C25-4C6834E12086}.Debug|x64.ActiveCfg = Debug|Any CPU
		{53303731-0A21-4660-8C25-4C6834E12086}.Debug|x64.Build.0 = Debug|Any CPU
		{53303731-0A21-4660-8C25-4C6834E12086}.Debug|x86.ActiveCfg = Debug|Any CPU
		{53303731-0A21-4660-8C25-4C6834E12086}.Debug|x86.Build.0 = Debug|Any CPU
		{53303731-0A21-4660-8C25-4C6834E12086}.Release|Any CPU.ActiveCfg = Release|Any CPU
		{53303731-0A21-4660-8C25-4C6834E12086}.Release|Any CPU.Build.0 = Release|Any CPU
		{53303731-0A21-4660-8C25-4C6834E12086}.Release|x64.ActiveCfg = Release|Any CPU
		{53303731-0A21-4660-8C25-4C6834E12086}.Release|x64.Build.0 = Release|Any CPU
		{53303731-0A21-4660-8C25-4C6834E12086}.Release|x86.ActiveCfg = Release|Any CPU
		{53303731-0A21-4660-8C25-4C6834E12086}.Release|x86.Build.0 = Release|Any CPU
		{535D3339-F8E5-4221-9DEF-B5B9F2A4FAE4}.Debug|Any CPU.ActiveCfg = Debug|Any CPU
		{535D3339-F8E5-4221-9DEF-B5B9F2A4FAE4}.Debug|Any CPU.Build.0 = Debug|Any CPU
		{535D3339-F8E5-4221-9DEF-B5B9F2A4FAE4}.Debug|x64.ActiveCfg = Debug|Any CPU
		{535D3339-F8E5-4221-9DEF-B5B9F2A4FAE4}.Debug|x64.Build.0 = Debug|Any CPU
		{535D3339-F8E5-4221-9DEF-B5B9F2A4FAE4}.Debug|x86.ActiveCfg = Debug|Any CPU
		{535D3339-F8E5-4221-9DEF-B5B9F2A4FAE4}.Debug|x86.Build.0 = Debug|Any CPU
		{535D3339-F8E5-4221-9DEF-B5B9F2A4FAE4}.Release|Any CPU.ActiveCfg = Release|Any CPU
		{535D3339-F8E5-4221-9DEF-B5B9F2A4FAE4}.Release|Any CPU.Build.0 = Release|Any CPU
		{535D3339-F8E5-4221-9DEF-B5B9F2A4FAE4}.Release|x64.ActiveCfg = Release|Any CPU
		{535D3339-F8E5-4221-9DEF-B5B9F2A4FAE4}.Release|x64.Build.0 = Release|Any CPU
		{535D3339-F8E5-4221-9DEF-B5B9F2A4FAE4}.Release|x86.ActiveCfg = Release|Any CPU
		{535D3339-F8E5-4221-9DEF-B5B9F2A4FAE4}.Release|x86.Build.0 = Release|Any CPU
		{5D2F014D-25CB-4C71-B646-C4EAE63B3F76}.Debug|Any CPU.ActiveCfg = Debug|Any CPU
		{5D2F014D-25CB-4C71-B646-C4EAE63B3F76}.Debug|Any CPU.Build.0 = Debug|Any CPU
		{5D2F014D-25CB-4C71-B646-C4EAE63B3F76}.Debug|x64.ActiveCfg = Debug|Any CPU
		{5D2F014D-25CB-4C71-B646-C4EAE63B3F76}.Debug|x64.Build.0 = Debug|Any CPU
		{5D2F014D-25CB-4C71-B646-C4EAE63B3F76}.Debug|x86.ActiveCfg = Debug|Any CPU
		{5D2F014D-25CB-4C71-B646-C4EAE63B3F76}.Debug|x86.Build.0 = Debug|Any CPU
		{5D2F014D-25CB-4C71-B646-C4EAE63B3F76}.Release|Any CPU.ActiveCfg = Release|Any CPU
		{5D2F014D-25CB-4C71-B646-C4EAE63B3F76}.Release|Any CPU.Build.0 = Release|Any CPU
		{5D2F014D-25CB-4C71-B646-C4EAE63B3F76}.Release|x64.ActiveCfg = Release|Any CPU
		{5D2F014D-25CB-4C71-B646-C4EAE63B3F76}.Release|x64.Build.0 = Release|Any CPU
		{5D2F014D-25CB-4C71-B646-C4EAE63B3F76}.Release|x86.ActiveCfg = Release|Any CPU
		{5D2F014D-25CB-4C71-B646-C4EAE63B3F76}.Release|x86.Build.0 = Release|Any CPU
		{ECCD689A-6945-48A1-8E61-68FEFDAAB5C7}.Debug|Any CPU.ActiveCfg = Debug|Any CPU
		{ECCD689A-6945-48A1-8E61-68FEFDAAB5C7}.Debug|Any CPU.Build.0 = Debug|Any CPU
		{ECCD689A-6945-48A1-8E61-68FEFDAAB5C7}.Debug|x64.ActiveCfg = Debug|Any CPU
		{ECCD689A-6945-48A1-8E61-68FEFDAAB5C7}.Debug|x64.Build.0 = Debug|Any CPU
		{ECCD689A-6945-48A1-8E61-68FEFDAAB5C7}.Debug|x86.ActiveCfg = Debug|Any CPU
		{ECCD689A-6945-48A1-8E61-68FEFDAAB5C7}.Debug|x86.Build.0 = Debug|Any CPU
		{ECCD689A-6945-48A1-8E61-68FEFDAAB5C7}.Release|Any CPU.ActiveCfg = Release|Any CPU
		{ECCD689A-6945-48A1-8E61-68FEFDAAB5C7}.Release|Any CPU.Build.0 = Release|Any CPU
		{ECCD689A-6945-48A1-8E61-68FEFDAAB5C7}.Release|x64.ActiveCfg = Release|Any CPU
		{ECCD689A-6945-48A1-8E61-68FEFDAAB5C7}.Release|x64.Build.0 = Release|Any CPU
		{ECCD689A-6945-48A1-8E61-68FEFDAAB5C7}.Release|x86.ActiveCfg = Release|Any CPU
		{ECCD689A-6945-48A1-8E61-68FEFDAAB5C7}.Release|x86.Build.0 = Release|Any CPU
		{079278D2-56C3-4BFF-BB7E-1C33F5B23C95}.Debug|Any CPU.ActiveCfg = Debug|Any CPU
		{079278D2-56C3-4BFF-BB7E-1C33F5B23C95}.Debug|Any CPU.Build.0 = Debug|Any CPU
		{079278D2-56C3-4BFF-BB7E-1C33F5B23C95}.Debug|x64.ActiveCfg = Debug|Any CPU
		{079278D2-56C3-4BFF-BB7E-1C33F5B23C95}.Debug|x64.Build.0 = Debug|Any CPU
		{079278D2-56C3-4BFF-BB7E-1C33F5B23C95}.Debug|x86.ActiveCfg = Debug|Any CPU
		{079278D2-56C3-4BFF-BB7E-1C33F5B23C95}.Debug|x86.Build.0 = Debug|Any CPU
		{079278D2-56C3-4BFF-BB7E-1C33F5B23C95}.Release|Any CPU.ActiveCfg = Release|Any CPU
		{079278D2-56C3-4BFF-BB7E-1C33F5B23C95}.Release|Any CPU.Build.0 = Release|Any CPU
		{079278D2-56C3-4BFF-BB7E-1C33F5B23C95}.Release|x64.ActiveCfg = Release|Any CPU
		{079278D2-56C3-4BFF-BB7E-1C33F5B23C95}.Release|x64.Build.0 = Release|Any CPU
		{079278D2-56C3-4BFF-BB7E-1C33F5B23C95}.Release|x86.ActiveCfg = Release|Any CPU
		{079278D2-56C3-4BFF-BB7E-1C33F5B23C95}.Release|x86.Build.0 = Release|Any CPU
		{28198865-3466-480E-B1EB-EDE97B447BE4}.Debug|Any CPU.ActiveCfg = Debug|Any CPU
		{28198865-3466-480E-B1EB-EDE97B447BE4}.Debug|Any CPU.Build.0 = Debug|Any CPU
		{28198865-3466-480E-B1EB-EDE97B447BE4}.Debug|x64.ActiveCfg = Debug|Any CPU
		{28198865-3466-480E-B1EB-EDE97B447BE4}.Debug|x64.Build.0 = Debug|Any CPU
		{28198865-3466-480E-B1EB-EDE97B447BE4}.Debug|x86.ActiveCfg = Debug|Any CPU
		{28198865-3466-480E-B1EB-EDE97B447BE4}.Debug|x86.Build.0 = Debug|Any CPU
		{28198865-3466-480E-B1EB-EDE97B447BE4}.Release|Any CPU.ActiveCfg = Release|Any CPU
		{28198865-3466-480E-B1EB-EDE97B447BE4}.Release|Any CPU.Build.0 = Release|Any CPU
		{28198865-3466-480E-B1EB-EDE97B447BE4}.Release|x64.ActiveCfg = Release|Any CPU
		{28198865-3466-480E-B1EB-EDE97B447BE4}.Release|x64.Build.0 = Release|Any CPU
		{28198865-3466-480E-B1EB-EDE97B447BE4}.Release|x86.ActiveCfg = Release|Any CPU
		{28198865-3466-480E-B1EB-EDE97B447BE4}.Release|x86.Build.0 = Release|Any CPU
		{557A34AB-3508-4732-9129-A4E8746D5E45}.Debug|Any CPU.ActiveCfg = Debug|Any CPU
		{557A34AB-3508-4732-9129-A4E8746D5E45}.Debug|Any CPU.Build.0 = Debug|Any CPU
		{557A34AB-3508-4732-9129-A4E8746D5E45}.Debug|x64.ActiveCfg = Debug|Any CPU
		{557A34AB-3508-4732-9129-A4E8746D5E45}.Debug|x64.Build.0 = Debug|Any CPU
		{557A34AB-3508-4732-9129-A4E8746D5E45}.Debug|x86.ActiveCfg = Debug|Any CPU
		{557A34AB-3508-4732-9129-A4E8746D5E45}.Debug|x86.Build.0 = Debug|Any CPU
		{557A34AB-3508-4732-9129-A4E8746D5E45}.Release|Any CPU.ActiveCfg = Release|Any CPU
		{557A34AB-3508-4732-9129-A4E8746D5E45}.Release|Any CPU.Build.0 = Release|Any CPU
		{557A34AB-3508-4732-9129-A4E8746D5E45}.Release|x64.ActiveCfg = Release|Any CPU
		{557A34AB-3508-4732-9129-A4E8746D5E45}.Release|x64.Build.0 = Release|Any CPU
		{557A34AB-3508-4732-9129-A4E8746D5E45}.Release|x86.ActiveCfg = Release|Any CPU
		{557A34AB-3508-4732-9129-A4E8746D5E45}.Release|x86.Build.0 = Release|Any CPU
		{D9397AAE-46EE-48D8-9C3D-760899C8C503}.Debug|Any CPU.ActiveCfg = Debug|Any CPU
		{D9397AAE-46EE-48D8-9C3D-760899C8C503}.Debug|Any CPU.Build.0 = Debug|Any CPU
		{D9397AAE-46EE-48D8-9C3D-760899C8C503}.Debug|x64.ActiveCfg = Debug|Any CPU
		{D9397AAE-46EE-48D8-9C3D-760899C8C503}.Debug|x64.Build.0 = Debug|Any CPU
		{D9397AAE-46EE-48D8-9C3D-760899C8C503}.Debug|x86.ActiveCfg = Debug|Any CPU
		{D9397AAE-46EE-48D8-9C3D-760899C8C503}.Debug|x86.Build.0 = Debug|Any CPU
		{D9397AAE-46EE-48D8-9C3D-760899C8C503}.Release|Any CPU.ActiveCfg = Release|Any CPU
		{D9397AAE-46EE-48D8-9C3D-760899C8C503}.Release|Any CPU.Build.0 = Release|Any CPU
		{D9397AAE-46EE-48D8-9C3D-760899C8C503}.Release|x64.ActiveCfg = Release|Any CPU
		{D9397AAE-46EE-48D8-9C3D-760899C8C503}.Release|x64.Build.0 = Release|Any CPU
		{D9397AAE-46EE-48D8-9C3D-760899C8C503}.Release|x86.ActiveCfg = Release|Any CPU
		{D9397AAE-46EE-48D8-9C3D-760899C8C503}.Release|x86.Build.0 = Release|Any CPU
		{321E25ED-9B24-40D0-82B9-121E2BC9B0E9}.Debug|Any CPU.ActiveCfg = Debug|Any CPU
		{321E25ED-9B24-40D0-82B9-121E2BC9B0E9}.Debug|Any CPU.Build.0 = Debug|Any CPU
		{321E25ED-9B24-40D0-82B9-121E2BC9B0E9}.Debug|x64.ActiveCfg = Debug|Any CPU
		{321E25ED-9B24-40D0-82B9-121E2BC9B0E9}.Debug|x64.Build.0 = Debug|Any CPU
		{321E25ED-9B24-40D0-82B9-121E2BC9B0E9}.Debug|x86.ActiveCfg = Debug|Any CPU
		{321E25ED-9B24-40D0-82B9-121E2BC9B0E9}.Debug|x86.Build.0 = Debug|Any CPU
		{321E25ED-9B24-40D0-82B9-121E2BC9B0E9}.Release|Any CPU.ActiveCfg = Release|Any CPU
		{321E25ED-9B24-40D0-82B9-121E2BC9B0E9}.Release|Any CPU.Build.0 = Release|Any CPU
		{321E25ED-9B24-40D0-82B9-121E2BC9B0E9}.Release|x64.ActiveCfg = Release|Any CPU
		{321E25ED-9B24-40D0-82B9-121E2BC9B0E9}.Release|x64.Build.0 = Release|Any CPU
		{321E25ED-9B24-40D0-82B9-121E2BC9B0E9}.Release|x86.ActiveCfg = Release|Any CPU
		{321E25ED-9B24-40D0-82B9-121E2BC9B0E9}.Release|x86.Build.0 = Release|Any CPU
		{F33A03BE-6D68-455B-B3EE-8BB03BAB13DE}.Debug|Any CPU.ActiveCfg = Debug|Any CPU
		{F33A03BE-6D68-455B-B3EE-8BB03BAB13DE}.Debug|Any CPU.Build.0 = Debug|Any CPU
		{F33A03BE-6D68-455B-B3EE-8BB03BAB13DE}.Debug|x64.ActiveCfg = Debug|Any CPU
		{F33A03BE-6D68-455B-B3EE-8BB03BAB13DE}.Debug|x64.Build.0 = Debug|Any CPU
		{F33A03BE-6D68-455B-B3EE-8BB03BAB13DE}.Debug|x86.ActiveCfg = Debug|Any CPU
		{F33A03BE-6D68-455B-B3EE-8BB03BAB13DE}.Debug|x86.Build.0 = Debug|Any CPU
		{F33A03BE-6D68-455B-B3EE-8BB03BAB13DE}.Release|Any CPU.ActiveCfg = Release|Any CPU
		{F33A03BE-6D68-455B-B3EE-8BB03BAB13DE}.Release|Any CPU.Build.0 = Release|Any CPU
		{F33A03BE-6D68-455B-B3EE-8BB03BAB13DE}.Release|x64.ActiveCfg = Release|Any CPU
		{F33A03BE-6D68-455B-B3EE-8BB03BAB13DE}.Release|x64.Build.0 = Release|Any CPU
		{F33A03BE-6D68-455B-B3EE-8BB03BAB13DE}.Release|x86.ActiveCfg = Release|Any CPU
		{F33A03BE-6D68-455B-B3EE-8BB03BAB13DE}.Release|x86.Build.0 = Release|Any CPU
		{12017720-4834-41D3-A168-47EDC07FD10C}.Debug|Any CPU.ActiveCfg = Debug|Any CPU
		{12017720-4834-41D3-A168-47EDC07FD10C}.Debug|Any CPU.Build.0 = Debug|Any CPU
		{12017720-4834-41D3-A168-47EDC07FD10C}.Debug|x64.ActiveCfg = Debug|Any CPU
		{12017720-4834-41D3-A168-47EDC07FD10C}.Debug|x64.Build.0 = Debug|Any CPU
		{12017720-4834-41D3-A168-47EDC07FD10C}.Debug|x86.ActiveCfg = Debug|Any CPU
		{12017720-4834-41D3-A168-47EDC07FD10C}.Debug|x86.Build.0 = Debug|Any CPU
		{12017720-4834-41D3-A168-47EDC07FD10C}.Release|Any CPU.ActiveCfg = Release|Any CPU
		{12017720-4834-41D3-A168-47EDC07FD10C}.Release|Any CPU.Build.0 = Release|Any CPU
		{12017720-4834-41D3-A168-47EDC07FD10C}.Release|x64.ActiveCfg = Release|Any CPU
		{12017720-4834-41D3-A168-47EDC07FD10C}.Release|x64.Build.0 = Release|Any CPU
		{12017720-4834-41D3-A168-47EDC07FD10C}.Release|x86.ActiveCfg = Release|Any CPU
		{12017720-4834-41D3-A168-47EDC07FD10C}.Release|x86.Build.0 = Release|Any CPU
		{B7511F73-D396-4C1A-9898-826C821AA636}.Debug|Any CPU.ActiveCfg = Debug|Any CPU
		{B7511F73-D396-4C1A-9898-826C821AA636}.Debug|Any CPU.Build.0 = Debug|Any CPU
		{B7511F73-D396-4C1A-9898-826C821AA636}.Debug|x64.ActiveCfg = Debug|Any CPU
		{B7511F73-D396-4C1A-9898-826C821AA636}.Debug|x64.Build.0 = Debug|Any CPU
		{B7511F73-D396-4C1A-9898-826C821AA636}.Debug|x86.ActiveCfg = Debug|Any CPU
		{B7511F73-D396-4C1A-9898-826C821AA636}.Debug|x86.Build.0 = Debug|Any CPU
		{B7511F73-D396-4C1A-9898-826C821AA636}.Release|Any CPU.ActiveCfg = Release|Any CPU
		{B7511F73-D396-4C1A-9898-826C821AA636}.Release|Any CPU.Build.0 = Release|Any CPU
		{B7511F73-D396-4C1A-9898-826C821AA636}.Release|x64.ActiveCfg = Release|Any CPU
		{B7511F73-D396-4C1A-9898-826C821AA636}.Release|x64.Build.0 = Release|Any CPU
		{B7511F73-D396-4C1A-9898-826C821AA636}.Release|x86.ActiveCfg = Release|Any CPU
		{B7511F73-D396-4C1A-9898-826C821AA636}.Release|x86.Build.0 = Release|Any CPU
		{40480BE5-B844-4F28-8B7F-BAC35346FBEB}.Debug|Any CPU.ActiveCfg = Debug|Any CPU
		{40480BE5-B844-4F28-8B7F-BAC35346FBEB}.Debug|Any CPU.Build.0 = Debug|Any CPU
		{40480BE5-B844-4F28-8B7F-BAC35346FBEB}.Debug|x64.ActiveCfg = Debug|Any CPU
		{40480BE5-B844-4F28-8B7F-BAC35346FBEB}.Debug|x64.Build.0 = Debug|Any CPU
		{40480BE5-B844-4F28-8B7F-BAC35346FBEB}.Debug|x86.ActiveCfg = Debug|Any CPU
		{40480BE5-B844-4F28-8B7F-BAC35346FBEB}.Debug|x86.Build.0 = Debug|Any CPU
		{40480BE5-B844-4F28-8B7F-BAC35346FBEB}.Release|Any CPU.ActiveCfg = Release|Any CPU
		{40480BE5-B844-4F28-8B7F-BAC35346FBEB}.Release|Any CPU.Build.0 = Release|Any CPU
		{40480BE5-B844-4F28-8B7F-BAC35346FBEB}.Release|x64.ActiveCfg = Release|Any CPU
		{40480BE5-B844-4F28-8B7F-BAC35346FBEB}.Release|x64.Build.0 = Release|Any CPU
		{40480BE5-B844-4F28-8B7F-BAC35346FBEB}.Release|x86.ActiveCfg = Release|Any CPU
		{40480BE5-B844-4F28-8B7F-BAC35346FBEB}.Release|x86.Build.0 = Release|Any CPU
		{C8C33E61-2EE0-4CD9-B640-B06B974B13ED}.Debug|Any CPU.ActiveCfg = Debug|Any CPU
		{C8C33E61-2EE0-4CD9-B640-B06B974B13ED}.Debug|Any CPU.Build.0 = Debug|Any CPU
		{C8C33E61-2EE0-4CD9-B640-B06B974B13ED}.Debug|x64.ActiveCfg = Debug|Any CPU
		{C8C33E61-2EE0-4CD9-B640-B06B974B13ED}.Debug|x64.Build.0 = Debug|Any CPU
		{C8C33E61-2EE0-4CD9-B640-B06B974B13ED}.Debug|x86.ActiveCfg = Debug|Any CPU
		{C8C33E61-2EE0-4CD9-B640-B06B974B13ED}.Debug|x86.Build.0 = Debug|Any CPU
		{C8C33E61-2EE0-4CD9-B640-B06B974B13ED}.Release|Any CPU.ActiveCfg = Release|Any CPU
		{C8C33E61-2EE0-4CD9-B640-B06B974B13ED}.Release|Any CPU.Build.0 = Release|Any CPU
		{C8C33E61-2EE0-4CD9-B640-B06B974B13ED}.Release|x64.ActiveCfg = Release|Any CPU
		{C8C33E61-2EE0-4CD9-B640-B06B974B13ED}.Release|x64.Build.0 = Release|Any CPU
		{C8C33E61-2EE0-4CD9-B640-B06B974B13ED}.Release|x86.ActiveCfg = Release|Any CPU
		{C8C33E61-2EE0-4CD9-B640-B06B974B13ED}.Release|x86.Build.0 = Release|Any CPU
		{7CF09FAB-2F4D-4CD8-AC1A-63864CE05AD8}.Debug|Any CPU.ActiveCfg = Debug|Any CPU
		{7CF09FAB-2F4D-4CD8-AC1A-63864CE05AD8}.Debug|Any CPU.Build.0 = Debug|Any CPU
		{7CF09FAB-2F4D-4CD8-AC1A-63864CE05AD8}.Debug|x64.ActiveCfg = Debug|Any CPU
		{7CF09FAB-2F4D-4CD8-AC1A-63864CE05AD8}.Debug|x64.Build.0 = Debug|Any CPU
		{7CF09FAB-2F4D-4CD8-AC1A-63864CE05AD8}.Debug|x86.ActiveCfg = Debug|Any CPU
		{7CF09FAB-2F4D-4CD8-AC1A-63864CE05AD8}.Debug|x86.Build.0 = Debug|Any CPU
		{7CF09FAB-2F4D-4CD8-AC1A-63864CE05AD8}.Release|Any CPU.ActiveCfg = Release|Any CPU
		{7CF09FAB-2F4D-4CD8-AC1A-63864CE05AD8}.Release|Any CPU.Build.0 = Release|Any CPU
		{7CF09FAB-2F4D-4CD8-AC1A-63864CE05AD8}.Release|x64.ActiveCfg = Release|Any CPU
		{7CF09FAB-2F4D-4CD8-AC1A-63864CE05AD8}.Release|x64.Build.0 = Release|Any CPU
		{7CF09FAB-2F4D-4CD8-AC1A-63864CE05AD8}.Release|x86.ActiveCfg = Release|Any CPU
		{7CF09FAB-2F4D-4CD8-AC1A-63864CE05AD8}.Release|x86.Build.0 = Release|Any CPU
		{0D88A363-E07B-4056-A86A-D815FEA17313}.Debug|Any CPU.ActiveCfg = Debug|Any CPU
		{0D88A363-E07B-4056-A86A-D815FEA17313}.Debug|Any CPU.Build.0 = Debug|Any CPU
		{0D88A363-E07B-4056-A86A-D815FEA17313}.Debug|x64.ActiveCfg = Debug|Any CPU
		{0D88A363-E07B-4056-A86A-D815FEA17313}.Debug|x64.Build.0 = Debug|Any CPU
		{0D88A363-E07B-4056-A86A-D815FEA17313}.Debug|x86.ActiveCfg = Debug|Any CPU
		{0D88A363-E07B-4056-A86A-D815FEA17313}.Debug|x86.Build.0 = Debug|Any CPU
		{0D88A363-E07B-4056-A86A-D815FEA17313}.Release|Any CPU.ActiveCfg = Release|Any CPU
		{0D88A363-E07B-4056-A86A-D815FEA17313}.Release|Any CPU.Build.0 = Release|Any CPU
		{0D88A363-E07B-4056-A86A-D815FEA17313}.Release|x64.ActiveCfg = Release|Any CPU
		{0D88A363-E07B-4056-A86A-D815FEA17313}.Release|x64.Build.0 = Release|Any CPU
		{0D88A363-E07B-4056-A86A-D815FEA17313}.Release|x86.ActiveCfg = Release|Any CPU
		{0D88A363-E07B-4056-A86A-D815FEA17313}.Release|x86.Build.0 = Release|Any CPU
		{97B75644-0518-4AE4-8996-55EA99D7440A}.Debug|Any CPU.ActiveCfg = Debug|Any CPU
		{97B75644-0518-4AE4-8996-55EA99D7440A}.Debug|Any CPU.Build.0 = Debug|Any CPU
		{97B75644-0518-4AE4-8996-55EA99D7440A}.Debug|x64.ActiveCfg = Debug|Any CPU
		{97B75644-0518-4AE4-8996-55EA99D7440A}.Debug|x64.Build.0 = Debug|Any CPU
		{97B75644-0518-4AE4-8996-55EA99D7440A}.Debug|x86.ActiveCfg = Debug|Any CPU
		{97B75644-0518-4AE4-8996-55EA99D7440A}.Debug|x86.Build.0 = Debug|Any CPU
		{97B75644-0518-4AE4-8996-55EA99D7440A}.Release|Any CPU.ActiveCfg = Release|Any CPU
		{97B75644-0518-4AE4-8996-55EA99D7440A}.Release|Any CPU.Build.0 = Release|Any CPU
		{97B75644-0518-4AE4-8996-55EA99D7440A}.Release|x64.ActiveCfg = Release|Any CPU
		{97B75644-0518-4AE4-8996-55EA99D7440A}.Release|x64.Build.0 = Release|Any CPU
		{97B75644-0518-4AE4-8996-55EA99D7440A}.Release|x86.ActiveCfg = Release|Any CPU
		{97B75644-0518-4AE4-8996-55EA99D7440A}.Release|x86.Build.0 = Release|Any CPU
	EndGlobalSection
	GlobalSection(SolutionProperties) = preSolution
		HideSolutionNode = FALSE
	EndGlobalSection
	GlobalSection(NestedProjects) = preSolution
		{28198865-3466-480E-B1EB-EDE97B447BE4} = {4F52FD11-658E-A102-6CD3-7D7C16FFA15B}
		{557A34AB-3508-4732-9129-A4E8746D5E45} = {0AB3BF05-4346-4AA6-1389-037BE0695223}
		{D9397AAE-46EE-48D8-9C3D-760899C8C503} = {0AB3BF05-4346-4AA6-1389-037BE0695223}
		{321E25ED-9B24-40D0-82B9-121E2BC9B0E9} = {0AB3BF05-4346-4AA6-1389-037BE0695223}
		{F33A03BE-6D68-455B-B3EE-8BB03BAB13DE} = {0AB3BF05-4346-4AA6-1389-037BE0695223}
		{12017720-4834-41D3-A168-47EDC07FD10C} = {0AB3BF05-4346-4AA6-1389-037BE0695223}
		{7CF09FAB-2F4D-4CD8-AC1A-63864CE05AD8} = {0AB3BF05-4346-4AA6-1389-037BE0695223}
		{0D88A363-E07B-4056-A86A-D815FEA17313} = {0AB3BF05-4346-4AA6-1389-037BE0695223}
		{97B75644-0518-4AE4-8996-55EA99D7440A} = {0AB3BF05-4346-4AA6-1389-037BE0695223}
	EndGlobalSection
EndGlobal
